
Microsoft Visual Studio Solution File, Format Version 12.00
# Visual Studio Version 17
VisualStudioVersion = 17.3.32929.385
MinimumVisualStudioVersion = 10.0.40219.1
Project("{8BC9CEB8-8B4A-11D0-8D11-00A0C91BC942}") = "cpp_file_io", "cpp_file_io\cpp_file_io.vcxproj", "{88D59666-F6DC-4852-AF75-C2590968B10B}"
EndProject
Project("{888888A0-9F3D-457C-B088-3A5042F75D52}") = "python_oo", "python_oo\python_oo.pyproj", "{34BDD336-66D5-4AC4-8FDB-E092D466E0C8}"
EndProject
Project("{888888A0-9F3D-457C-B088-3A5042F75D52}") = "table", "table\table.pyproj", "{864C753B-6A5D-490D-BA02-9C10EDA55EDF}"
EndProject
Project("{8BC9CEB8-8B4A-11D0-8D11-00A0C91BC942}") = "array2d", "array2d\array2d.vcxproj", "{A9714750-E0AF-4791-A2EC-7DB649AD40A1}"
EndProject
Project("{8BC9CEB8-8B4A-11D0-8D11-00A0C91BC942}") = "fact", "fact\fact.vcxproj", "{650D3362-AA0C-4C49-B564-6E2FCA33193B}"
EndProject
Project("{8BC9CEB8-8B4A-11D0-8D11-00A0C91BC942}") = "reverse", "reverse\reverse.vcxproj", "{AA4071F4-D8EA-49C3-8C99-B64DDAB3A5F0}"
EndProject
Project("{8BC9CEB8-8B4A-11D0-8D11-00A0C91BC942}") = "even_subsets", "even_subsets\even_subsets.vcxproj", "{78CF68D3-CF09-44C6-8763-B6B689AA976D}"
EndProject
Project("{8BC9CEB8-8B4A-11D0-8D11-00A0C91BC942}") = "structs", "structs\structs.vcxproj", "{9B0FA950-66E9-47A7-972D-6D89966E2F89}"
EndProject
Project("{8BC9CEB8-8B4A-11D0-8D11-00A0C91BC942}") = "switch", "switch\switch.vcxproj", "{C0A91E24-056D-489A-80E2-0B3F5A6373F4}"
EndProject
Project("{8BC9CEB8-8B4A-11D0-8D11-00A0C91BC942}") = "upcase", "upcase\upcase.vcxproj", "{401B6B13-EFEC-47DD-870C-4FB24BDF4853}"
EndProject
Project("{888888A0-9F3D-457C-B088-3A5042F75D52}") = "words", "words\words.pyproj", "{D9940B6F-70A1-4C9A-915D-A1DBE1062A22}"
EndProject
Project("{8BC9CEB8-8B4A-11D0-8D11-00A0C91BC942}") = "pre_post_incr", "pre_post_incr\pre_post_incr.vcxproj", "{1E51F854-BBC5-4A1E-9C12-D3A886950BCF}"
EndProject
Global
	GlobalSection(SolutionConfigurationPlatforms) = preSolution
		Debug|Any CPU = Debug|Any CPU
		Debug|x64 = Debug|x64
		Debug|x86 = Debug|x86
		Release|Any CPU = Release|Any CPU
		Release|x64 = Release|x64
		Release|x86 = Release|x86
	EndGlobalSection
	GlobalSection(ProjectConfigurationPlatforms) = postSolution
		{88D59666-F6DC-4852-AF75-C2590968B10B}.Debug|Any CPU.ActiveCfg = Debug|x64
		{88D59666-F6DC-4852-AF75-C2590968B10B}.Debug|Any CPU.Build.0 = Debug|x64
		{88D59666-F6DC-4852-AF75-C2590968B10B}.Debug|x64.ActiveCfg = Debug|x64
		{88D59666-F6DC-4852-AF75-C2590968B10B}.Debug|x64.Build.0 = Debug|x64
		{88D59666-F6DC-4852-AF75-C2590968B10B}.Debug|x86.ActiveCfg = Debug|Win32
		{88D59666-F6DC-4852-AF75-C2590968B10B}.Debug|x86.Build.0 = Debug|Win32
		{88D59666-F6DC-4852-AF75-C2590968B10B}.Release|Any CPU.ActiveCfg = Release|x64
		{88D59666-F6DC-4852-AF75-C2590968B10B}.Release|Any CPU.Build.0 = Release|x64
		{88D59666-F6DC-4852-AF75-C2590968B10B}.Release|x64.ActiveCfg = Release|x64
		{88D59666-F6DC-4852-AF75-C2590968B10B}.Release|x64.Build.0 = Release|x64
		{88D59666-F6DC-4852-AF75-C2590968B10B}.Release|x86.ActiveCfg = Release|Win32
		{88D59666-F6DC-4852-AF75-C2590968B10B}.Release|x86.Build.0 = Release|Win32
		{34BDD336-66D5-4AC4-8FDB-E092D466E0C8}.Debug|Any CPU.ActiveCfg = Debug|Any CPU
		{34BDD336-66D5-4AC4-8FDB-E092D466E0C8}.Debug|x64.ActiveCfg = Debug|Any CPU
		{34BDD336-66D5-4AC4-8FDB-E092D466E0C8}.Debug|x86.ActiveCfg = Debug|Any CPU
		{34BDD336-66D5-4AC4-8FDB-E092D466E0C8}.Release|Any CPU.ActiveCfg = Release|Any CPU
		{34BDD336-66D5-4AC4-8FDB-E092D466E0C8}.Release|x64.ActiveCfg = Release|Any CPU
		{34BDD336-66D5-4AC4-8FDB-E092D466E0C8}.Release|x86.ActiveCfg = Release|Any CPU
		{864C753B-6A5D-490D-BA02-9C10EDA55EDF}.Debug|Any CPU.ActiveCfg = Debug|Any CPU
		{864C753B-6A5D-490D-BA02-9C10EDA55EDF}.Debug|x64.ActiveCfg = Debug|Any CPU
		{864C753B-6A5D-490D-BA02-9C10EDA55EDF}.Debug|x86.ActiveCfg = Debug|Any CPU
		{864C753B-6A5D-490D-BA02-9C10EDA55EDF}.Release|Any CPU.ActiveCfg = Release|Any CPU
		{864C753B-6A5D-490D-BA02-9C10EDA55EDF}.Release|x64.ActiveCfg = Release|Any CPU
		{864C753B-6A5D-490D-BA02-9C10EDA55EDF}.Release|x86.ActiveCfg = Release|Any CPU
		{A9714750-E0AF-4791-A2EC-7DB649AD40A1}.Debug|Any CPU.ActiveCfg = Debug|x64
		{A9714750-E0AF-4791-A2EC-7DB649AD40A1}.Debug|Any CPU.Build.0 = Debug|x64
		{A9714750-E0AF-4791-A2EC-7DB649AD40A1}.Debug|x64.ActiveCfg = Debug|x64
		{A9714750-E0AF-4791-A2EC-7DB649AD40A1}.Debug|x64.Build.0 = Debug|x64
		{A9714750-E0AF-4791-A2EC-7DB649AD40A1}.Debug|x86.ActiveCfg = Debug|Win32
		{A9714750-E0AF-4791-A2EC-7DB649AD40A1}.Debug|x86.Build.0 = Debug|Win32
		{A9714750-E0AF-4791-A2EC-7DB649AD40A1}.Release|Any CPU.ActiveCfg = Release|x64
		{A9714750-E0AF-4791-A2EC-7DB649AD40A1}.Release|Any CPU.Build.0 = Release|x64
		{A9714750-E0AF-4791-A2EC-7DB649AD40A1}.Release|x64.ActiveCfg = Release|x64
		{A9714750-E0AF-4791-A2EC-7DB649AD40A1}.Release|x64.Build.0 = Release|x64
		{A9714750-E0AF-4791-A2EC-7DB649AD40A1}.Release|x86.ActiveCfg = Release|Win32
		{A9714750-E0AF-4791-A2EC-7DB649AD40A1}.Release|x86.Build.0 = Release|Win32
		{650D3362-AA0C-4C49-B564-6E2FCA33193B}.Debug|Any CPU.ActiveCfg = Debug|x64
		{650D3362-AA0C-4C49-B564-6E2FCA33193B}.Debug|Any CPU.Build.0 = Debug|x64
		{650D3362-AA0C-4C49-B564-6E2FCA33193B}.Debug|x64.ActiveCfg = Debug|x64
		{650D3362-AA0C-4C49-B564-6E2FCA33193B}.Debug|x64.Build.0 = Debug|x64
		{650D3362-AA0C-4C49-B564-6E2FCA33193B}.Debug|x86.ActiveCfg = Debug|Win32
		{650D3362-AA0C-4C49-B564-6E2FCA33193B}.Debug|x86.Build.0 = Debug|Win32
		{650D3362-AA0C-4C49-B564-6E2FCA33193B}.Release|Any CPU.ActiveCfg = Release|x64
		{650D3362-AA0C-4C49-B564-6E2FCA33193B}.Release|Any CPU.Build.0 = Release|x64
		{650D3362-AA0C-4C49-B564-6E2FCA33193B}.Release|x64.ActiveCfg = Release|x64
		{650D3362-AA0C-4C49-B564-6E2FCA33193B}.Release|x64.Build.0 = Release|x64
		{650D3362-AA0C-4C49-B564-6E2FCA33193B}.Release|x86.ActiveCfg = Release|Win32
		{650D3362-AA0C-4C49-B564-6E2FCA33193B}.Release|x86.Build.0 = Release|Win32
		{AA4071F4-D8EA-49C3-8C99-B64DDAB3A5F0}.Debug|Any CPU.ActiveCfg = Debug|x64
		{AA4071F4-D8EA-49C3-8C99-B64DDAB3A5F0}.Debug|Any CPU.Build.0 = Debug|x64
		{AA4071F4-D8EA-49C3-8C99-B64DDAB3A5F0}.Debug|x64.ActiveCfg = Debug|x64
		{AA4071F4-D8EA-49C3-8C99-B64DDAB3A5F0}.Debug|x64.Build.0 = Debug|x64
		{AA4071F4-D8EA-49C3-8C99-B64DDAB3A5F0}.Debug|x86.ActiveCfg = Debug|Win32
		{AA4071F4-D8EA-49C3-8C99-B64DDAB3A5F0}.Debug|x86.Build.0 = Debug|Win32
		{AA4071F4-D8EA-49C3-8C99-B64DDAB3A5F0}.Release|Any CPU.ActiveCfg = Release|x64
		{AA4071F4-D8EA-49C3-8C99-B64DDAB3A5F0}.Release|Any CPU.Build.0 = Release|x64
		{AA4071F4-D8EA-49C3-8C99-B64DDAB3A5F0}.Release|x64.ActiveCfg = Release|x64
		{AA4071F4-D8EA-49C3-8C99-B64DDAB3A5F0}.Release|x64.Build.0 = Release|x64
		{AA4071F4-D8EA-49C3-8C99-B64DDAB3A5F0}.Release|x86.ActiveCfg = Release|Win32
		{AA4071F4-D8EA-49C3-8C99-B64DDAB3A5F0}.Release|x86.Build.0 = Release|Win32
		{78CF68D3-CF09-44C6-8763-B6B689AA976D}.Debug|Any CPU.ActiveCfg = Debug|x64
		{78CF68D3-CF09-44C6-8763-B6B689AA976D}.Debug|Any CPU.Build.0 = Debug|x64
		{78CF68D3-CF09-44C6-8763-B6B689AA976D}.Debug|x64.ActiveCfg = Debug|x64
		{78CF68D3-CF09-44C6-8763-B6B689AA976D}.Debug|x64.Build.0 = Debug|x64
		{78CF68D3-CF09-44C6-8763-B6B689AA976D}.Debug|x86.ActiveCfg = Debug|Win32
		{78CF68D3-CF09-44C6-8763-B6B689AA976D}.Debug|x86.Build.0 = Debug|Win32
		{78CF68D3-CF09-44C6-8763-B6B689AA976D}.Release|Any CPU.ActiveCfg = Release|x64
		{78CF68D3-CF09-44C6-8763-B6B689AA976D}.Release|Any CPU.Build.0 = Release|x64
		{78CF68D3-CF09-44C6-8763-B6B689AA976D}.Release|x64.ActiveCfg = Release|x64
		{78CF68D3-CF09-44C6-8763-B6B689AA976D}.Release|x64.Build.0 = Release|x64
		{78CF68D3-CF09-44C6-8763-B6B689AA976D}.Release|x86.ActiveCfg = Release|Win32
		{78CF68D3-CF09-44C6-8763-B6B689AA976D}.Release|x86.Build.0 = Release|Win32
		{9B0FA950-66E9-47A7-972D-6D89966E2F89}.Debug|Any CPU.ActiveCfg = Debug|x64
		{9B0FA950-66E9-47A7-972D-6D89966E2F89}.Debug|Any CPU.Build.0 = Debug|x64
		{9B0FA950-66E9-47A7-972D-6D89966E2F89}.Debug|x64.ActiveCfg = Debug|x64
		{9B0FA950-66E9-47A7-972D-6D89966E2F89}.Debug|x64.Build.0 = Debug|x64
		{9B0FA950-66E9-47A7-972D-6D89966E2F89}.Debug|x86.ActiveCfg = Debug|Win32
		{9B0FA950-66E9-47A7-972D-6D89966E2F89}.Debug|x86.Build.0 = Debug|Win32
		{9B0FA950-66E9-47A7-972D-6D89966E2F89}.Release|Any CPU.ActiveCfg = Release|x64
		{9B0FA950-66E9-47A7-972D-6D89966E2F89}.Release|Any CPU.Build.0 = Release|x64
		{9B0FA950-66E9-47A7-972D-6D89966E2F89}.Release|x64.ActiveCfg = Release|x64
		{9B0FA950-66E9-47A7-972D-6D89966E2F89}.Release|x64.Build.0 = Release|x64
		{9B0FA950-66E9-47A7-972D-6D89966E2F89}.Release|x86.ActiveCfg = Release|Win32
		{9B0FA950-66E9-47A7-972D-6D89966E2F89}.Release|x86.Build.0 = Release|Win32
		{C0A91E24-056D-489A-80E2-0B3F5A6373F4}.Debug|Any CPU.ActiveCfg = Debug|x64
		{C0A91E24-056D-489A-80E2-0B3F5A6373F4}.Debug|Any CPU.Build.0 = Debug|x64
		{C0A91E24-056D-489A-80E2-0B3F5A6373F4}.Debug|x64.ActiveCfg = Debug|x64
		{C0A91E24-056D-489A-80E2-0B3F5A6373F4}.Debug|x64.Build.0 = Debug|x64
		{C0A91E24-056D-489A-80E2-0B3F5A6373F4}.Debug|x86.ActiveCfg = Debug|Win32
		{C0A91E24-056D-489A-80E2-0B3F5A6373F4}.Debug|x86.Build.0 = Debug|Win32
		{C0A91E24-056D-489A-80E2-0B3F5A6373F4}.Release|Any CPU.ActiveCfg = Release|x64
		{C0A91E24-056D-489A-80E2-0B3F5A6373F4}.Release|Any CPU.Build.0 = Release|x64
		{C0A91E24-056D-489A-80E2-0B3F5A6373F4}.Release|x64.ActiveCfg = Release|x64
		{C0A91E24-056D-489A-80E2-0B3F5A6373F4}.Release|x64.Build.0 = Release|x64
		{C0A91E24-056D-489A-80E2-0B3F5A6373F4}.Release|x86.ActiveCfg = Release|Win32
		{C0A91E24-056D-489A-80E2-0B3F5A6373F4}.Release|x86.Build.0 = Release|Win32
		{401B6B13-EFEC-47DD-870C-4FB24BDF4853}.Debug|Any CPU.ActiveCfg = Debug|x64
		{401B6B13-EFEC-47DD-870C-4FB24BDF4853}.Debug|Any CPU.Build.0 = Debug|x64
		{401B6B13-EFEC-47DD-870C-4FB24BDF4853}.Debug|x64.ActiveCfg = Debug|x64
		{401B6B13-EFEC-47DD-870C-4FB24BDF4853}.Debug|x64.Build.0 = Debug|x64
		{401B6B13-EFEC-47DD-870C-4FB24BDF4853}.Debug|x86.ActiveCfg = Debug|Win32
		{401B6B13-EFEC-47DD-870C-4FB24BDF4853}.Debug|x86.Build.0 = Debug|Win32
		{401B6B13-EFEC-47DD-870C-4FB24BDF4853}.Release|Any CPU.ActiveCfg = Release|x64
		{401B6B13-EFEC-47DD-870C-4FB24BDF4853}.Release|Any CPU.Build.0 = Release|x64
		{401B6B13-EFEC-47DD-870C-4FB24BDF4853}.Release|x64.ActiveCfg = Release|x64
		{401B6B13-EFEC-47DD-870C-4FB24BDF4853}.Release|x64.Build.0 = Release|x64
		{401B6B13-EFEC-47DD-870C-4FB24BDF4853}.Release|x86.ActiveCfg = Release|Win32
		{401B6B13-EFEC-47DD-870C-4FB24BDF4853}.Release|x86.Build.0 = Release|Win32
		{D9940B6F-70A1-4C9A-915D-A1DBE1062A22}.Debug|Any CPU.ActiveCfg = Debug|Any CPU
		{D9940B6F-70A1-4C9A-915D-A1DBE1062A22}.Debug|x64.ActiveCfg = Debug|Any CPU
		{D9940B6F-70A1-4C9A-915D-A1DBE1062A22}.Debug|x86.ActiveCfg = Debug|Any CPU
		{D9940B6F-70A1-4C9A-915D-A1DBE1062A22}.Release|Any CPU.ActiveCfg = Release|Any CPU
		{D9940B6F-70A1-4C9A-915D-A1DBE1062A22}.Release|x64.ActiveCfg = Release|Any CPU
		{D9940B6F-70A1-4C9A-915D-A1DBE1062A22}.Release|x86.ActiveCfg = Release|Any CPU
		{1E51F854-BBC5-4A1E-9C12-D3A886950BCF}.Debug|Any CPU.ActiveCfg = Debug|x64
		{1E51F854-BBC5-4A1E-9C12-D3A886950BCF}.Debug|Any CPU.Build.0 = Debug|x64
		{1E51F854-BBC5-4A1E-9C12-D3A886950BCF}.Debug|x64.ActiveCfg = Debug|x64
		{1E51F854-BBC5-4A1E-9C12-D3A886950BCF}.Debug|x64.Build.0 = Debug|x64
		{1E51F854-BBC5-4A1E-9C12-D3A886950BCF}.Debug|x86.ActiveCfg = Debug|Win32
		{1E51F854-BBC5-4A1E-9C12-D3A886950BCF}.Debug|x86.Build.0 = Debug|Win32
		{1E51F854-BBC5-4A1E-9C12-D3A886950BCF}.Release|Any CPU.ActiveCfg = Release|x64
		{1E51F854-BBC5-4A1E-9C12-D3A886950BCF}.Release|Any CPU.Build.0 = Release|x64
		{1E51F854-BBC5-4A1E-9C12-D3A886950BCF}.Release|x64.ActiveCfg = Release|x64
		{1E51F854-BBC5-4A1E-9C12-D3A886950BCF}.Release|x64.Build.0 = Release|x64
		{1E51F854-BBC5-4A1E-9C12-D3A886950BCF}.Release|x86.ActiveCfg = Release|Win32
		{1E51F854-BBC5-4A1E-9C12-D3A886950BCF}.Release|x86.Build.0 = Release|Win32
	EndGlobalSection
	GlobalSection(SolutionProperties) = preSolution
		HideSolutionNode = FALSE
	EndGlobalSection
	GlobalSection(ExtensibilityGlobals) = postSolution
		SolutionGuid = {33166424-6938-4AF6-805E-A715F1C37F4B}
	EndGlobalSection
EndGlobal
